
Microsoft Visual Studio Solution File, Format Version 12.00
# Visual Studio Version 16
VisualStudioVersion = 16.0.30621.155
MinimumVisualStudioVersion = 10.0.40219.1
Project("{FAE04EC0-301F-11D3-BF4B-00C04F79EFBC}") = "NoviLAb1", "NoviLAb1.csproj", "{CE7F3D67-19E4-4386-B0F8-53FF0F1CD106}"
EndProject
Global
	GlobalSection(SolutionConfigurationPlatforms) = preSolution
		Debug|Any CPU = Debug|Any CPU
		Release|Any CPU = Release|Any CPU
	EndGlobalSection
	GlobalSection(ProjectConfigurationPlatforms) = postSolution
		{CE7F3D67-19E4-4386-B0F8-53FF0F1CD106}.Debug|Any CPU.ActiveCfg = Debug|Any CPU
		{CE7F3D67-19E4-4386-B0F8-53FF0F1CD106}.Debug|Any CPU.Build.0 = Debug|Any CPU
		{CE7F3D67-19E4-4386-B0F8-53FF0F1CD106}.Release|Any CPU.ActiveCfg = Release|Any CPU
		{CE7F3D67-19E4-4386-B0F8-53FF0F1CD106}.Release|Any CPU.Build.0 = Release|Any CPU
	EndGlobalSection
	GlobalSection(SolutionProperties) = preSolution
		HideSolutionNode = FALSE
	EndGlobalSection
	GlobalSection(ExtensibilityGlobals) = postSolution
		SolutionGuid = {5E2ACC07-EBE7-43B6-866E-E8B0202520BB}
	EndGlobalSection
EndGlobal
